
Microsoft Visual Studio Solution File, Format Version 12.00
# Visual Studio Version 17
VisualStudioVersion = 17.0.31903.59
MinimumVisualStudioVersion = 10.0.40219.1
Project("{2150E333-8FDC-42A3-9474-1A3956D46DE8}") = "src", "src", "{5D141C3A-4240-4A6B-996A-B00F4BFEC0FA}"
EndProject
Project("{2150E333-8FDC-42A3-9474-1A3956D46DE8}") = "Travel.BBf", "Travel.BBf", "{39CA3DC5-955E-4F26-8982-6604E4F704BE}"
EndProject
Project("{FAE04EC0-301F-11D3-BF4B-00C04F79EFBC}") = "Travel.Aggregator", "src\Travel.BBf\Travel.Aggregator\Travel.Aggregator.csproj", "{56B4852B-3507-4C1D-948D-AC3D7E9E79CC}"
EndProject
Project("{2150E333-8FDC-42A3-9474-1A3956D46DE8}") = "Travel.BuildingBlocks", "Travel.BuildingBlocks", "{1DE2942B-D535-4001-903B-0ECD099A6932}"
EndProject
Project("{FAE04EC0-301F-11D3-BF4B-00C04F79EFBC}") = "Travel.BaseHttps", "src\Travel.BuildingBlocks\Travel.BaseHttps\Travel.BaseHttps.csproj", "{60333850-457C-4388-AAF1-8C275F5C4C0E}"
EndProject
Project("{FAE04EC0-301F-11D3-BF4B-00C04F79EFBC}") = "Travel.Commons", "src\Travel.BuildingBlocks\Travel.Commons\Travel.Commons.csproj", "{BA7C0945-1E81-4206-9D8B-7124345B5A8A}"
EndProject
Project("{2150E333-8FDC-42A3-9474-1A3956D46DE8}") = "Travel.Services", "Travel.Services", "{FBB6B672-EFB2-49F9-8E9A-626CFDCB0819}"
EndProject
Project("{2150E333-8FDC-42A3-9474-1A3956D46DE8}") = "Identity", "Identity", "{8B2BBAC9-7D46-4237-BC6D-7440DB62B787}"
EndProject
Project("{FAE04EC0-301F-11D3-BF4B-00C04F79EFBC}") = "Identity.Api", "src\Travel.Services\Identity\Identity.Api\Identity.Api.csproj", "{7B4E67D9-6097-4BB9-8F46-1EAF05973A45}"
EndProject
Project("{FAE04EC0-301F-11D3-BF4B-00C04F79EFBC}") = "Identity.Core", "src\Travel.Services\Identity\Identity.Core\Identity.Core.csproj", "{489F9C29-08E6-4A49-96C9-3ABBF4BB25E2}"
EndProject
Project("{2150E333-8FDC-42A3-9474-1A3956D46DE8}") = "Library", "Library", "{EBD3016A-8D65-4A22-B4EE-8709270C592C}"
EndProject
Project("{FAE04EC0-301F-11D3-BF4B-00C04F79EFBC}") = "Library.Api", "src\Travel.Services\Library\Library.Api\Library.Api.csproj", "{48244F34-4354-46C8-AABB-AF72D9C8717F}"
EndProject
Project("{FAE04EC0-301F-11D3-BF4B-00C04F79EFBC}") = "Library.Core", "src\Travel.Services\Library\Library.Core\Library.Core.csproj", "{B2D889B5-89D8-4B52-BD2F-089E7C025E70}"
EndProject
Project("{E53339B2-1760-4266-BCC7-CA923CBCF16C}") = "docker-compose", "docker-compose.dcproj", "{F1137706-2B2B-4B1F-9FFA-7DD5118405F2}"
EndProject
Project("{2150E333-8FDC-42A3-9474-1A3956D46DE8}") = "Solution Items", "Solution Items", "{682484B8-30EA-4F96-9127-6D6D9EE22C5D}"
	ProjectSection(SolutionItems) = preProject
		.env = .env
	EndProjectSection
EndProject
Project("{FAE04EC0-301F-11D3-BF4B-00C04F79EFBC}") = "Travel.Repository", "src\Travel.BuildingBlocks\Travel.Repository\Travel.Repository.csproj", "{C3336B7D-85A7-432A-A771-55E505D6D9EA}"
EndProject
Global
	GlobalSection(SolutionConfigurationPlatforms) = preSolution
		Debug|Any CPU = Debug|Any CPU
		Release|Any CPU = Release|Any CPU
	EndGlobalSection
	GlobalSection(SolutionProperties) = preSolution
		HideSolutionNode = FALSE
	EndGlobalSection
	GlobalSection(ProjectConfigurationPlatforms) = postSolution
		{56B4852B-3507-4C1D-948D-AC3D7E9E79CC}.Debug|Any CPU.ActiveCfg = Debug|Any CPU
		{56B4852B-3507-4C1D-948D-AC3D7E9E79CC}.Debug|Any CPU.Build.0 = Debug|Any CPU
		{56B4852B-3507-4C1D-948D-AC3D7E9E79CC}.Release|Any CPU.ActiveCfg = Release|Any CPU
		{56B4852B-3507-4C1D-948D-AC3D7E9E79CC}.Release|Any CPU.Build.0 = Release|Any CPU
		{60333850-457C-4388-AAF1-8C275F5C4C0E}.Debug|Any CPU.ActiveCfg = Debug|Any CPU
		{60333850-457C-4388-AAF1-8C275F5C4C0E}.Debug|Any CPU.Build.0 = Debug|Any CPU
		{60333850-457C-4388-AAF1-8C275F5C4C0E}.Release|Any CPU.ActiveCfg = Release|Any CPU
		{60333850-457C-4388-AAF1-8C275F5C4C0E}.Release|Any CPU.Build.0 = Release|Any CPU
		{BA7C0945-1E81-4206-9D8B-7124345B5A8A}.Debug|Any CPU.ActiveCfg = Debug|Any CPU
		{BA7C0945-1E81-4206-9D8B-7124345B5A8A}.Debug|Any CPU.Build.0 = Debug|Any CPU
		{BA7C0945-1E81-4206-9D8B-7124345B5A8A}.Release|Any CPU.ActiveCfg = Release|Any CPU
		{BA7C0945-1E81-4206-9D8B-7124345B5A8A}.Release|Any CPU.Build.0 = Release|Any CPU
		{7B4E67D9-6097-4BB9-8F46-1EAF05973A45}.Debug|Any CPU.ActiveCfg = Debug|Any CPU
		{7B4E67D9-6097-4BB9-8F46-1EAF05973A45}.Debug|Any CPU.Build.0 = Debug|Any CPU
		{7B4E67D9-6097-4BB9-8F46-1EAF05973A45}.Release|Any CPU.ActiveCfg = Release|Any CPU
		{7B4E67D9-6097-4BB9-8F46-1EAF05973A45}.Release|Any CPU.Build.0 = Release|Any CPU
		{489F9C29-08E6-4A49-96C9-3ABBF4BB25E2}.Debug|Any CPU.ActiveCfg = Debug|Any CPU
		{489F9C29-08E6-4A49-96C9-3ABBF4BB25E2}.Debug|Any CPU.Build.0 = Debug|Any CPU
		{489F9C29-08E6-4A49-96C9-3ABBF4BB25E2}.Release|Any CPU.ActiveCfg = Release|Any CPU
		{489F9C29-08E6-4A49-96C9-3ABBF4BB25E2}.Release|Any CPU.Build.0 = Release|Any CPU
		{48244F34-4354-46C8-AABB-AF72D9C8717F}.Debug|Any CPU.ActiveCfg = Debug|Any CPU
		{48244F34-4354-46C8-AABB-AF72D9C8717F}.Debug|Any CPU.Build.0 = Debug|Any CPU
		{48244F34-4354-46C8-AABB-AF72D9C8717F}.Release|Any CPU.ActiveCfg = Release|Any CPU
		{48244F34-4354-46C8-AABB-AF72D9C8717F}.Release|Any CPU.Build.0 = Release|Any CPU
		{B2D889B5-89D8-4B52-BD2F-089E7C025E70}.Debug|Any CPU.ActiveCfg = Debug|Any CPU
		{B2D889B5-89D8-4B52-BD2F-089E7C025E70}.Debug|Any CPU.Build.0 = Debug|Any CPU
		{B2D889B5-89D8-4B52-BD2F-089E7C025E70}.Release|Any CPU.ActiveCfg = Release|Any CPU
		{B2D889B5-89D8-4B52-BD2F-089E7C025E70}.Release|Any CPU.Build.0 = Release|Any CPU
		{F1137706-2B2B-4B1F-9FFA-7DD5118405F2}.Debug|Any CPU.ActiveCfg = Debug|Any CPU
		{F1137706-2B2B-4B1F-9FFA-7DD5118405F2}.Debug|Any CPU.Build.0 = Debug|Any CPU
		{F1137706-2B2B-4B1F-9FFA-7DD5118405F2}.Release|Any CPU.ActiveCfg = Release|Any CPU
		{F1137706-2B2B-4B1F-9FFA-7DD5118405F2}.Release|Any CPU.Build.0 = Release|Any CPU
		{C3336B7D-85A7-432A-A771-55E505D6D9EA}.Debug|Any CPU.ActiveCfg = Debug|Any CPU
		{C3336B7D-85A7-432A-A771-55E505D6D9EA}.Debug|Any CPU.Build.0 = Debug|Any CPU
		{C3336B7D-85A7-432A-A771-55E505D6D9EA}.Release|Any CPU.ActiveCfg = Release|Any CPU
		{C3336B7D-85A7-432A-A771-55E505D6D9EA}.Release|Any CPU.Build.0 = Release|Any CPU
	EndGlobalSection
	GlobalSection(NestedProjects) = preSolution
		{39CA3DC5-955E-4F26-8982-6604E4F704BE} = {5D141C3A-4240-4A6B-996A-B00F4BFEC0FA}
		{56B4852B-3507-4C1D-948D-AC3D7E9E79CC} = {39CA3DC5-955E-4F26-8982-6604E4F704BE}
		{1DE2942B-D535-4001-903B-0ECD099A6932} = {5D141C3A-4240-4A6B-996A-B00F4BFEC0FA}
		{60333850-457C-4388-AAF1-8C275F5C4C0E} = {1DE2942B-D535-4001-903B-0ECD099A6932}
		{BA7C0945-1E81-4206-9D8B-7124345B5A8A} = {1DE2942B-D535-4001-903B-0ECD099A6932}
		{FBB6B672-EFB2-49F9-8E9A-626CFDCB0819} = {5D141C3A-4240-4A6B-996A-B00F4BFEC0FA}
		{8B2BBAC9-7D46-4237-BC6D-7440DB62B787} = {FBB6B672-EFB2-49F9-8E9A-626CFDCB0819}
		{7B4E67D9-6097-4BB9-8F46-1EAF05973A45} = {8B2BBAC9-7D46-4237-BC6D-7440DB62B787}
		{489F9C29-08E6-4A49-96C9-3ABBF4BB25E2} = {8B2BBAC9-7D46-4237-BC6D-7440DB62B787}
		{EBD3016A-8D65-4A22-B4EE-8709270C592C} = {FBB6B672-EFB2-49F9-8E9A-626CFDCB0819}
		{48244F34-4354-46C8-AABB-AF72D9C8717F} = {EBD3016A-8D65-4A22-B4EE-8709270C592C}
		{B2D889B5-89D8-4B52-BD2F-089E7C025E70} = {EBD3016A-8D65-4A22-B4EE-8709270C592C}
		{C3336B7D-85A7-432A-A771-55E505D6D9EA} = {1DE2942B-D535-4001-903B-0ECD099A6932}
	EndGlobalSection
EndGlobal
